
Microsoft Visual Studio Solution File, Format Version 12.00
# Visual Studio Version 17
VisualStudioVersion = 17.5.33502.453
MinimumVisualStudioVersion = 10.0.40219.1
Project("{FAE04EC0-301F-11D3-BF4B-00C04F79EFBC}") = "GenericsTest", "GenericsTest.csproj", "{9AD8D77A-335A-4A63-BE98-10B8689C4A64}"
EndProject
Global
	GlobalSection(SolutionConfigurationPlatforms) = preSolution
		Debug|Any CPU = Debug|Any CPU
		Release|Any CPU = Release|Any CPU
	EndGlobalSection
	GlobalSection(ProjectConfigurationPlatforms) = postSolution
		{9AD8D77A-335A-4A63-BE98-10B8689C4A64}.Debug|Any CPU.ActiveCfg = Debug|Any CPU
		{9AD8D77A-335A-4A63-BE98-10B8689C4A64}.Debug|Any CPU.Build.0 = Debug|Any CPU
		{9AD8D77A-335A-4A63-BE98-10B8689C4A64}.Release|Any CPU.ActiveCfg = Release|Any CPU
		{9AD8D77A-335A-4A63-BE98-10B8689C4A64}.Release|Any CPU.Build.0 = Release|Any CPU
	EndGlobalSection
	GlobalSection(SolutionProperties) = preSolution
		HideSolutionNode = FALSE
	EndGlobalSection
	GlobalSection(ExtensibilityGlobals) = postSolution
		SolutionGuid = {336805E6-5CDB-4E83-85BF-2959DF71E43A}
	EndGlobalSection
EndGlobal
